
Microsoft Visual Studio Solution File, Format Version 12.00
# Visual Studio 15
VisualStudioVersion = 15.0.28307.1000
MinimumVisualStudioVersion = 10.0.40219.1
Project("{8BC9CEB8-8B4A-11D0-8D11-00A0C91BC942}") = "14_Twicked_Smiley", "14_Twicked_Smiley\14_Twicked_Smiley.vcxproj", "{9FFD16D6-3315-4536-9AA7-93F6A4801AE6}"
EndProject
Global
	GlobalSection(SolutionConfigurationPlatforms) = preSolution
		Debug|x64 = Debug|x64
		Debug|x86 = Debug|x86
		Release|x64 = Release|x64
		Release|x86 = Release|x86
	EndGlobalSection
	GlobalSection(ProjectConfigurationPlatforms) = postSolution
		{9FFD16D6-3315-4536-9AA7-93F6A4801AE6}.Debug|x64.ActiveCfg = Debug|x64
		{9FFD16D6-3315-4536-9AA7-93F6A4801AE6}.Debug|x64.Build.0 = Debug|x64
		{9FFD16D6-3315-4536-9AA7-93F6A4801AE6}.Debug|x86.ActiveCfg = Debug|Win32
		{9FFD16D6-3315-4536-9AA7-93F6A4801AE6}.Debug|x86.Build.0 = Debug|Win32
		{9FFD16D6-3315-4536-9AA7-93F6A4801AE6}.Release|x64.ActiveCfg = Release|x64
		{9FFD16D6-3315-4536-9AA7-93F6A4801AE6}.Release|x64.Build.0 = Release|x64
		{9FFD16D6-3315-4536-9AA7-93F6A4801AE6}.Release|x86.ActiveCfg = Release|Win32
		{9FFD16D6-3315-4536-9AA7-93F6A4801AE6}.Release|x86.Build.0 = Release|Win32
	EndGlobalSection
	GlobalSection(SolutionProperties) = preSolution
		HideSolutionNode = FALSE
	EndGlobalSection
	GlobalSection(ExtensibilityGlobals) = postSolution
		SolutionGuid = {0B200CC2-C300-4FC9-8BB4-1161DC5BC399}
	EndGlobalSection
EndGlobal
