
Microsoft Visual Studio Solution File, Format Version 12.00
# Visual Studio 15
VisualStudioVersion = 15.0.28307.1000
MinimumVisualStudioVersion = 10.0.40219.1
Project("{8BC9CEB8-8B4A-11D0-8D11-00A0C91BC942}") = "19_ADSLightOnSphere_PerPixel", "19_ADSLightOnSphere_PerPixel\19_ADSLightOnSphere_PerPixel.vcxproj", "{27F125A3-12F5-484E-AA7D-1C501DC9BDB1}"
EndProject
Global
	GlobalSection(SolutionConfigurationPlatforms) = preSolution
		Debug|x64 = Debug|x64
		Debug|x86 = Debug|x86
		Release|x64 = Release|x64
		Release|x86 = Release|x86
	EndGlobalSection
	GlobalSection(ProjectConfigurationPlatforms) = postSolution
		{27F125A3-12F5-484E-AA7D-1C501DC9BDB1}.Debug|x64.ActiveCfg = Debug|x64
		{27F125A3-12F5-484E-AA7D-1C501DC9BDB1}.Debug|x64.Build.0 = Debug|x64
		{27F125A3-12F5-484E-AA7D-1C501DC9BDB1}.Debug|x86.ActiveCfg = Debug|Win32
		{27F125A3-12F5-484E-AA7D-1C501DC9BDB1}.Debug|x86.Build.0 = Debug|Win32
		{27F125A3-12F5-484E-AA7D-1C501DC9BDB1}.Release|x64.ActiveCfg = Release|x64
		{27F125A3-12F5-484E-AA7D-1C501DC9BDB1}.Release|x64.Build.0 = Release|x64
		{27F125A3-12F5-484E-AA7D-1C501DC9BDB1}.Release|x86.ActiveCfg = Release|Win32
		{27F125A3-12F5-484E-AA7D-1C501DC9BDB1}.Release|x86.Build.0 = Release|Win32
	EndGlobalSection
	GlobalSection(SolutionProperties) = preSolution
		HideSolutionNode = FALSE
	EndGlobalSection
	GlobalSection(ExtensibilityGlobals) = postSolution
		SolutionGuid = {F572EE12-6726-462E-AEAE-B985786F4415}
	EndGlobalSection
EndGlobal
